// !$*UTF8*$!
{
	archiveVersion = 1;
	classes = {
	};
	objectVersion = 46;
	objects = {

/* Begin PBXBuildFile section */
		6AC9B58319F519F900EF7082 /* main.m in Sources */ = {isa = PBXBuildFile; fileRef = 6AC9B58219F519F900EF7082 /* main.m */; };
		6AC9B58619F519F900EF7082 /* AppDelegate.m in Sources */ = {isa = PBXBuildFile; fileRef = 6AC9B58519F519F900EF7082 /* AppDelegate.m */; };
		6AC9B58919F519F900EF7082 /* ViewController.m in Sources */ = {isa = PBXBuildFile; fileRef = 6AC9B58819F519F900EF7082 /* ViewController.m */; };
		6AC9B58E19F519F900EF7082 /* Images.xcassets in Resources */ = {isa = PBXBuildFile; fileRef = 6AC9B58D19F519F900EF7082 /* Images.xcassets */; };
		6AC9B59119F519F900EF7082 /* LaunchScreen.xib in Resources */ = {isa = PBXBuildFile; fileRef = 6AC9B58F19F519F900EF7082 /* LaunchScreen.xib */; };
		6AC9B59D19F519F900EF7082 /* ReFreshTestTests.m in Sources */ = {isa = PBXBuildFile; fileRef = 6AC9B59C19F519F900EF7082 /* ReFreshTestTests.m */; };
		6AD7ECDE1A00B3A000F8ACA3 /* Cell.m in Sources */ = {isa = PBXBuildFile; fileRef = 6AD7ECDD1A00B3A000F8ACA3 /* Cell.m */; };
/* End PBXBuildFile section */

/* Begin PBXContainerItemProxy section */
		6AC9B59719F519F900EF7082 /* PBXContainerItemProxy */ = {
			isa = PBXContainerItemProxy;
			containerPortal = 6AC9B57519F519F900EF7082 /* Project object */;
			proxyType = 1;
			remoteGlobalIDString = 6AC9B57C19F519F900EF7082;
			remoteInfo = ReFreshTest;
		};
/* End PBXContainerItemProxy section */

/* Begin PBXFileReference section */
		6AC9B57D19F519F900EF7082 /* ReFreshTest.app */ = {isa = PBXFileReference; explicitFileType = wrapper.application; includeInIndex = 0; path = ReFreshTest.app; sourceTree = BUILT_PRODUCTS_DIR; };
		6AC9B58119F519F900EF7082 /* Info.plist */ = {isa = PBXFileReference; lastKnownFileType = text.plist.xml; path = Info.plist; sourceTree = "<group>"; };
		6AC9B58219F519F900EF7082 /* main.m */ = {isa = PBXFileReference; lastKnownFileType = sourcecode.c.objc; path = main.m; sourceTree = "<group>"; };
		6AC9B58419F519F900EF7082 /* AppDelegate.h */ = {isa = PBXFileReference; lastKnownFileType = sourcecode.c.h; path = AppDelegate.h; sourceTree = "<group>"; };
		6AC9B58519F519F900EF7082 /* AppDelegate.m */ = {isa = PBXFileReference; lastKnownFileType = sourcecode.c.objc; path = AppDelegate.m; sourceTree = "<group>"; };
		6AC9B58719F519F900EF7082 /* ViewController.h */ = {isa = PBXFileReference; lastKnownFileType = sourcecode.c.h; path = ViewController.h; sourceTree = "<group>"; };
		6AC9B58819F519F900EF7082 /* ViewController.m */ = {isa = PBXFileReference; lastKnownFileType = sourcecode.c.objc; path = ViewController.m; sourceTree = "<group>"; };
		6AC9B58D19F519F900EF7082 /* Images.xcassets */ = {isa = PBXFileReference; lastKnownFileType = folder.assetcatalog; path = Images.xcassets; sourceTree = "<group>"; };
		6AC9B59019F519F900EF7082 /* Base */ = {isa = PBXFileReference; lastKnownFileType = file.xib; name = Base; path = Base.lproj/LaunchScreen.xib; sourceTree = "<group>"; };
		6AC9B59619F519F900EF7082 /* ReFreshTestTests.xctest */ = {isa = PBXFileReference; explicitFileType = wrapper.cfbundle; includeInIndex = 0; path = ReFreshTestTests.xctest; sourceTree = BUILT_PRODUCTS_DIR; };
		6AC9B59B19F519F900EF7082 /* Info.plist */ = {isa = PBXFileReference; lastKnownFileType = text.plist.xml; path = Info.plist; sourceTree = "<group>"; };
		6AC9B59C19F519F900EF7082 /* ReFreshTestTests.m */ = {isa = PBXFileReference; lastKnownFileType = sourcecode.c.objc; path = ReFreshTestTests.m; sourceTree = "<group>"; };
		6AD7ECDC1A00B3A000F8ACA3 /* Cell.h */ = {isa = PBXFileReference; fileEncoding = 4; lastKnownFileType = sourcecode.c.h; path = Cell.h; sourceTree = "<group>"; };
		6AD7ECDD1A00B3A000F8ACA3 /* Cell.m */ = {isa = PBXFileReference; fileEncoding = 4; lastKnownFileType = sourcecode.c.objc; path = Cell.m; sourceTree = "<group>"; };
/* End PBXFileReference section */

/* Begin PBXFrameworksBuildPhase section */
		6AC9B57A19F519F900EF7082 /* Frameworks */ = {
			isa = PBXFrameworksBuildPhase;
			buildActionMask = 2147483647;
			files = (
			);
			runOnlyForDeploymentPostprocessing = 0;
		};
		6AC9B59319F519F900EF7082 /* Frameworks */ = {
			isa = PBXFrameworksBuildPhase;
			buildActionMask = 2147483647;
			files = (
			);
			runOnlyForDeploymentPostprocessing = 0;
		};
/* End PBXFrameworksBuildPhase section */

/* Begin PBXGroup section */
		6AC9B57419F519F900EF7082 = {
			isa = PBXGroup;
			children = (
				6AC9B57F19F519F900EF7082 /* ReFreshTest */,
				6AC9B59919F519F900EF7082 /* ReFreshTestTests */,
				6AC9B57E19F519F900EF7082 /* Products */,
			);
			sourceTree = "<group>";
		};
		6AC9B57E19F519F900EF7082 /* Products */ = {
			isa = PBXGroup;
			children = (
				6AC9B57D19F519F900EF7082 /* ReFreshTest.app */,
				6AC9B59619F519F900EF7082 /* ReFreshTestTests.xctest */,
			);
			name = Products;
			sourceTree = "<group>";
		};
		6AC9B57F19F519F900EF7082 /* ReFreshTest */ = {
			isa = PBXGroup;
			children = (
				6AC9B5E819F5252100EF7082 /* MJRefresh */,
				6AC9B58419F519F900EF7082 /* AppDelegate.h */,
				6AC9B58519F519F900EF7082 /* AppDelegate.m */,
				6AC9B58719F519F900EF7082 /* ViewController.h */,
				6AC9B58819F519F900EF7082 /* ViewController.m */,
				6AD7ECDC1A00B3A000F8ACA3 /* Cell.h */,
				6AD7ECDD1A00B3A000F8ACA3 /* Cell.m */,
				6AC9B58D19F519F900EF7082 /* Images.xcassets */,
				6AC9B58F19F519F900EF7082 /* LaunchScreen.xib */,
				6AC9B58019F519F900EF7082 /* Supporting Files */,
			);
			path = ReFreshTest;
			sourceTree = "<group>";
		};
		6AC9B58019F519F900EF7082 /* Supporting Files */ = {
			isa = PBXGroup;
			children = (
				6AC9B58119F519F900EF7082 /* Info.plist */,
				6AC9B58219F519F900EF7082 /* main.m */,
			);
			name = "Supporting Files";
			sourceTree = "<group>";
		};
		6AC9B59919F519F900EF7082 /* ReFreshTestTests */ = {
			isa = PBXGroup;
			children = (
				6AC9B59C19F519F900EF7082 /* ReFreshTestTests.m */,
				6AC9B59A19F519F900EF7082 /* Supporting Files */,
			);
			path = ReFreshTestTests;
			sourceTree = "<group>";
		};
		6AC9B59A19F519F900EF7082 /* Supporting Files */ = {
			isa = PBXGroup;
			children = (
				6AC9B59B19F519F900EF7082 /* Info.plist */,
			);
			name = "Supporting Files";
			sourceTree = "<group>";
		};
		6AC9B5E819F5252100EF7082 /* MJRefresh */ = {
			isa = PBXGroup;
			children = (
			);
			path = MJRefresh;
			sourceTree = "<group>";
		};
/* End PBXGroup section */

/* Begin PBXNativeTarget section */
		6AC9B57C19F519F900EF7082 /* ReFreshTest */ = {
			isa = PBXNativeTarget;
			buildConfigurationList = 6AC9B5A019F519F900EF7082 /* Build configuration list for PBXNativeTarget "ReFreshTest" */;
			buildPhases = (
				6AC9B57919F519F900EF7082 /* Sources */,
				6AC9B57A19F519F900EF7082 /* Frameworks */,
				6AC9B57B19F519F900EF7082 /* Resources */,
			);
			buildRules = (
			);
			dependencies = (
			);
			name = ReFreshTest;
			productName = ReFreshTest;
			productReference = 6AC9B57D19F519F900EF7082 /* ReFreshTest.app */;
			productType = "com.apple.product-type.application";
		};
		6AC9B59519F519F900EF7082 /* ReFreshTestTests */ = {
			isa = PBXNativeTarget;
			buildConfigurationList = 6AC9B5A319F519F900EF7082 /* Build configuration list for PBXNativeTarget "ReFreshTestTests" */;
			buildPhases = (
				6AC9B59219F519F900EF7082 /* Sources */,
				6AC9B59319F519F900EF7082 /* Frameworks */,
				6AC9B59419F519F900EF7082 /* Resources */,
			);
			buildRules = (
			);
			dependencies = (
				6AC9B59819F519F900EF7082 /* PBXTargetDependency */,
			);
			name = ReFreshTestTests;
			productName = ReFreshTestTests;
			productReference = 6AC9B59619F519F900EF7082 /* ReFreshTestTests.xctest */;
			productType = "com.apple.product-type.bundle.unit-test";
		};
/* End PBXNativeTarget section */

/* Begin PBXProject section */
		6AC9B57519F519F900EF7082 /* Project object */ = {
			isa = PBXProject;
			attributes = {
				LastUpgradeCheck = 0600;
				ORGANIZATIONNAME = ML;
				TargetAttributes = {
					6AC9B57C19F519F900EF7082 = {
						CreatedOnToolsVersion = 6.0.1;
					};
					6AC9B59519F519F900EF7082 = {
						CreatedOnToolsVersion = 6.0.1;
						TestTargetID = 6AC9B57C19F519F900EF7082;
					};
				};
			};
			buildConfigurationList = 6AC9B57819F519F900EF7082 /* Build configuration list for PBXProject "ReFreshTest" */;
			compatibilityVersion = "Xcode 3.2";
			developmentRegion = English;
			hasScannedForEncodings = 0;
			knownRegions = (
				en,
				Base,
			);
			mainGroup = 6AC9B57419F519F900EF7082;
			productRefGroup = 6AC9B57E19F519F900EF7082 /* Products */;
			projectDirPath = "";
			projectRoot = "";
			targets = (
				6AC9B57C19F519F900EF7082 /* ReFreshTest */,
				6AC9B59519F519F900EF7082 /* ReFreshTestTests */,
			);
		};
/* End PBXProject section */

/* Begin PBXResourcesBuildPhase section */
		6AC9B57B19F519F900EF7082 /* Resources */ = {
			isa = PBXResourcesBuildPhase;
			buildActionMask = 2147483647;
			files = (
				6AC9B59119F519F900EF7082 /* LaunchScreen.xib in Resources */,
				6AC9B58E19F519F900EF7082 /* Images.xcassets in Resources */,
			);
			runOnlyForDeploymentPostprocessing = 0;
		};
		6AC9B59419F519F900EF7082 /* Resources */ = {
			isa = PBXResourcesBuildPhase;
			buildActionMask = 2147483647;
			files = (
			);
			runOnlyForDeploymentPostprocessing = 0;
		};
/* End PBXResourcesBuildPhase section */

/* Begin PBXSourcesBuildPhase section */
		6AC9B57919F519F900EF7082 /* Sources */ = {
			isa = PBXSourcesBuildPhase;
			buildActionMask = 2147483647;
			files = (
				6AC9B58919F519F900EF7082 /* ViewController.m in Sources */,
				6AD7ECDE1A00B3A000F8ACA3 /* Cell.m in Sources */,
				6AC9B58619F519F900EF7082 /* AppDelegate.m in Sources */,
				6AC9B58319F519F900EF7082 /* main.m in Sources */,
			);
			runOnlyForDeploymentPostprocessing = 0;
		};
		6AC9B59219F519F900EF7082 /* Sources */ = {
			isa = PBXSourcesBuildPhase;
			buildActionMask = 2147483647;
			files = (
				6AC9B59D19F519F900EF7082 /* ReFreshTestTests.m in Sources */,
			);
			runOnlyForDeploymentPostprocessing = 0;
		};
/* End PBXSourcesBuildPhase section */

/* Begin PBXTargetDependency section */
		6AC9B59819F519F900EF7082 /* PBXTargetDependency */ = {
			isa = PBXTargetDependency;
			target = 6AC9B57C19F519F900EF7082 /* ReFreshTest */;
			targetProxy = 6AC9B59719F519F900EF7082 /* PBXContainerItemProxy */;
		};
/* End PBXTargetDependency section */

/* Begin PBXVariantGroup section */
		6AC9B58F19F519F900EF7082 /* LaunchScreen.xib */ = {
			isa = PBXVariantGroup;
			children = (
				6AC9B59019F519F900EF7082 /* Base */,
			);
			name = LaunchScreen.xib;
			sourceTree = "<group>";
		};
/* End PBXVariantGroup section */

/* Begin XCBuildConfiguration section */
		6AC9B59E19F519F900EF7082 /* Debug */ = {
			isa = XCBuildConfiguration;
			buildSettings = {
				ALWAYS_SEARCH_USER_PATHS = NO;
				CLANG_CXX_LANGUAGE_STANDARD = "gnu++0x";
				CLANG_CXX_LIBRARY = "libc++";
				CLANG_ENABLE_MODULES = YES;
				CLANG_ENABLE_OBJC_ARC = YES;
				CLANG_WARN_BOOL_CONVERSION = YES;
				CLANG_WARN_CONSTANT_CONVERSION = YES;
				CLANG_WARN_DIRECT_OBJC_ISA_USAGE = YES_ERROR;
				CLANG_WARN_EMPTY_BODY = YES;
				CLANG_WARN_ENUM_CONVERSION = YES;
				CLANG_WARN_INT_CONVERSION = YES;
				CLANG_WARN_OBJC_ROOT_CLASS = YES_ERROR;
				CLANG_WARN_UNREACHABLE_CODE = YES;
				CLANG_WARN__DUPLICATE_METHOD_MATCH = YES;
				"CODE_SIGN_IDENTITY[sdk=iphoneos*]" = "iPhone Developer";
				COPY_PHASE_STRIP = NO;
				ENABLE_STRICT_OBJC_MSGSEND = YES;
				GCC_C_LANGUAGE_STANDARD = gnu99;
				GCC_DYNAMIC_NO_PIC = NO;
				GCC_OPTIMIZATION_LEVEL = 0;
				GCC_PREPROCESSOR_DEFINITIONS = (
					"DEBUG=1",
					"$(inherited)",
				);
				GCC_SYMBOLS_PRIVATE_EXTERN = NO;
				GCC_WARN_64_TO_32_BIT_CONVERSION = YES;
				GCC_WARN_ABOUT_RETURN_TYPE = YES_ERROR;
				GCC_WARN_UNDECLARED_SELECTOR = YES;
				GCC_WARN_UNINITIALIZED_AUTOS = YES_AGGRESSIVE;
				GCC_WARN_UNUSED_FUNCTION = YES;
				GCC_WARN_UNUSED_VARIABLE = YES;
				IPHONEOS_DEPLOYMENT_TARGET = 8.0;
				MTL_ENABLE_DEBUG_INFO = YES;
				ONLY_ACTIVE_ARCH = YES;
				SDKROOT = iphoneos;
			};
			name = Debug;
		};
		6AC9B59F19F519F900EF7082 /* Release */ = {
			isa = XCBuildConfiguration;
			buildSettings = {
				ALWAYS_SEARCH_USER_PATHS = NO;
				CLANG_CXX_LANGUAGE_STANDARD = "gnu++0x";
				CLANG_CXX_LIBRARY = "libc++";
				CLANG_ENABLE_MODULES = YES;
				CLANG_ENABLE_OBJC_ARC = YES;
				CLANG_WARN_BOOL_CONVERSION = YES;
				CLANG_WARN_CONSTANT_CONVERSION = YES;
				CLANG_WARN_DIRECT_OBJC_ISA_USAGE = YES_ERROR;
				CLANG_WARN_EMPTY_BODY = YES;
				CLANG_WARN_ENUM_CONVERSION = YES;
				CLANG_WARN_INT_CONVERSION = YES;
				CLANG_WARN_OBJC_ROOT_CLASS = YES_ERROR;
				CLANG_WARN_UNREACHABLE_CODE = YES;
				CLANG_WARN__DUPLICATE_METHOD_MATCH = YES;
				"CODE_SIGN_IDENTITY[sdk=iphoneos*]" = "iPhone Developer";
				COPY_PHASE_STRIP = YES;
				ENABLE_NS_ASSERTIONS = NO;
				ENABLE_STRICT_OBJC_MSGSEND = YES;
				GCC_C_LANGUAGE_STANDARD = gnu99;
				GCC_WARN_64_TO_32_BIT_CONVERSION = YES;
				GCC_WARN_ABOUT_RETURN_TYPE = YES_ERROR;
				GCC_WARN_UNDECLARED_SELECTOR = YES;
				GCC_WARN_UNINITIALIZED_AUTOS = YES_AGGRESSIVE;
				GCC_WARN_UNUSED_FUNCTION = YES;
				GCC_WARN_UNUSED_VARIABLE = YES;
				IPHONEOS_DEPLOYMENT_TARGET = 8.0;
				MTL_ENABLE_DEBUG_INFO = NO;
				SDKROOT = iphoneos;
				VALIDATE_PRODUCT = YES;
			};
			name = Release;
		};
		6AC9B5A119F519F900EF7082 /* Debug */ = {
			isa = XCBuildConfiguration;
			buildSettings = {
				ASSETCATALOG_COMPILER_APPICON_NAME = AppIcon;
				INFOPLIST_FILE = ReFreshTest/Info.plist;
				LD_RUNPATH_SEARCH_PATHS = "$(inherited) @executable_path/Frameworks";
				PRODUCT_NAME = "$(TARGET_NAME)";
			};
			name = Debug;
		};
		6AC9B5A219F519F900EF7082 /* Release */ = {
			isa = XCBuildConfiguration;
			buildSettings = {
				ASSETCATALOG_COMPILER_APPICON_NAME = AppIcon;
				INFOPLIST_FILE = ReFreshTest/Info.plist;
				LD_RUNPATH_SEARCH_PATHS = "$(inherited) @executable_path/Frameworks";
				PRODUCT_NAME = "$(TARGET_NAME)";
			};
			name = Release;
		};
		6AC9B5A419F519F900EF7082 /* Debug */ = {
			isa = XCBuildConfiguration;
			buildSettings = {
				BUNDLE_LOADER = "$(TEST_HOST)";
				FRAMEWORK_SEARCH_PATHS = (
					"$(SDKROOT)/Developer/Library/Frameworks",
					"$(inherited)",
				);
				GCC_PREPROCESSOR_DEFINITIONS = (
					"DEBUG=1",
					"$(inherited)",
				);
				INFOPLIST_FILE = ReFreshTestTests/Info.plist;
				LD_RUNPATH_SEARCH_PATHS = "$(inherited) @executable_path/Frameworks @loader_path/Frameworks";
				PRODUCT_NAME = "$(TARGET_NAME)";
				TEST_HOST = "$(BUILT_PRODUCTS_DIR)/ReFreshTest.app/ReFreshTest";
			};
			name = Debug;
		};
		6AC9B5A519F519F900EF7082 /* Release */ = {
			isa = XCBuildConfiguration;
			buildSettings = {
				BUNDLE_LOADER = "$(TEST_HOST)";
				FRAMEWORK_SEARCH_PATHS = (
					"$(SDKROOT)/Developer/Library/Frameworks",
					"$(inherited)",
				);
				INFOPLIST_FILE = ReFreshTestTests/Info.plist;
				LD_RUNPATH_SEARCH_PATHS = "$(inherited) @executable_path/Frameworks @loader_path/Frameworks";
				PRODUCT_NAME = "$(TARGET_NAME)";
				TEST_HOST = "$(BUILT_PRODUCTS_DIR)/ReFreshTest.app/ReFreshTest";
			};
			name = Release;
		};
/* End XCBuildConfiguration section */

/* Begin XCConfigurationList section */
		6AC9B57819F519F900EF7082 /* Build configuration list for PBXProject "ReFreshTest" */ = {
			isa = XCConfigurationList;
			buildConfigurations = (
				6AC9B59E19F519F900EF7082 /* Debug */,
				6AC9B59F19F519F900EF7082 /* Release */,
			);
			defaultConfigurationIsVisible = 0;
			defaultConfigurationName = Release;
		};
		6AC9B5A019F519F900EF7082 /* Build configuration list for PBXNativeTarget "ReFreshTest" */ = {
			isa = XCConfigurationList;
			buildConfigurations = (
				6AC9B5A119F519F900EF7082 /* Debug */,
				6AC9B5A219F519F900EF7082 /* Release */,
			);
			defaultConfigurationIsVisible = 0;
			defaultConfigurationName = Release;
		};
		6AC9B5A319F519F900EF7082 /* Build configuration list for PBXNativeTarget "ReFreshTestTests" */ = {
			isa = XCConfigurationList;
			buildConfigurations = (
				6AC9B5A419F519F900EF7082 /* Debug */,
				6AC9B5A519F519F900EF7082 /* Release */,
			);
			defaultConfigurationIsVisible = 0;
			defaultConfigurationName = Release;
		};
/* End XCConfigurationList section */
	};
	rootObject = 6AC9B57519F519F900EF7082 /* Project object */;
}
